
Microsoft Visual Studio Solution File, Format Version 12.00
# Visual Studio Version 16
VisualStudioVersion = 16.0.29709.97
MinimumVisualStudioVersion = 10.0.40219.1
Project("{FAE04EC0-301F-11D3-BF4B-00C04F79EFBC}") = "RegistroConTest", "RegistroConTest\RegistroConTest.csproj", "{F8B6BA94-490A-4C88-AB88-4460F6D90079}"
EndProject
Global
	GlobalSection(SolutionConfigurationPlatforms) = preSolution
		Debug|Any CPU = Debug|Any CPU
		Release|Any CPU = Release|Any CPU
	EndGlobalSection
	GlobalSection(ProjectConfigurationPlatforms) = postSolution
		{F8B6BA94-490A-4C88-AB88-4460F6D90079}.Debug|Any CPU.ActiveCfg = Debug|Any CPU
		{F8B6BA94-490A-4C88-AB88-4460F6D90079}.Debug|Any CPU.Build.0 = Debug|Any CPU
		{F8B6BA94-490A-4C88-AB88-4460F6D90079}.Release|Any CPU.ActiveCfg = Release|Any CPU
		{F8B6BA94-490A-4C88-AB88-4460F6D90079}.Release|Any CPU.Build.0 = Release|Any CPU
	EndGlobalSection
	GlobalSection(SolutionProperties) = preSolution
		HideSolutionNode = FALSE
	EndGlobalSection
	GlobalSection(ExtensibilityGlobals) = postSolution
		SolutionGuid = {077F230A-C14E-4A91-B2DC-094C7ABF7D1E}
	EndGlobalSection
EndGlobal
